
Microsoft Visual Studio Solution File, Format Version 12.00
# Visual Studio Version 16
VisualStudioVersion = 16.0.31402.337
MinimumVisualStudioVersion = 10.0.40219.1
Project("{FAE04EC0-301F-11D3-BF4B-00C04F79EFBC}") = "gitapp", "gitapp\gitapp.csproj", "{2A3A59A2-2265-4A38-A1E4-27F38AD33AA6}"
EndProject
Global
	GlobalSection(SolutionConfigurationPlatforms) = preSolution
		Debug|Any CPU = Debug|Any CPU
		Release|Any CPU = Release|Any CPU
	EndGlobalSection
	GlobalSection(ProjectConfigurationPlatforms) = postSolution
		{2A3A59A2-2265-4A38-A1E4-27F38AD33AA6}.Debug|Any CPU.ActiveCfg = Debug|Any CPU
		{2A3A59A2-2265-4A38-A1E4-27F38AD33AA6}.Debug|Any CPU.Build.0 = Debug|Any CPU
		{2A3A59A2-2265-4A38-A1E4-27F38AD33AA6}.Release|Any CPU.ActiveCfg = Release|Any CPU
		{2A3A59A2-2265-4A38-A1E4-27F38AD33AA6}.Release|Any CPU.Build.0 = Release|Any CPU
	EndGlobalSection
	GlobalSection(SolutionProperties) = preSolution
		HideSolutionNode = FALSE
	EndGlobalSection
	GlobalSection(ExtensibilityGlobals) = postSolution
		SolutionGuid = {55427698-0B85-45F0-AFBE-1B247E4F1FAA}
	EndGlobalSection
EndGlobal
